
Microsoft Visual Studio Solution File, Format Version 12.00
# Visual Studio Version 16
VisualStudioVersion = 16.0.29613.14
MinimumVisualStudioVersion = 10.0.40219.1
Project("{8BC9CEB8-8B4A-11D0-8D11-00A0C91BC942}") = "IoTSASTokenGenerate", "IoTSASTokenGenerate\IoTSASTokenGenerate.vcxproj", "{3AA94E1D-04D5-41B7-84CD-1E420AAF7067}"
EndProject
Project("{8BC9CEB8-8B4A-11D0-8D11-00A0C91BC942}") = "IoTSASTokenGenerate_C", "IoTSASTokenGenerate_C\IoTSASTokenGenerate_C.vcxproj", "{F0250B55-21AE-49C9-B0EC-0DCCC9B54003}"
EndProject
Global
	GlobalSection(SolutionConfigurationPlatforms) = preSolution
		Debug|x64 = Debug|x64
		Debug|x86 = Debug|x86
		Release|x64 = Release|x64
		Release|x86 = Release|x86
	EndGlobalSection
	GlobalSection(ProjectConfigurationPlatforms) = postSolution
		{3AA94E1D-04D5-41B7-84CD-1E420AAF7067}.Debug|x64.ActiveCfg = Debug|x64
		{3AA94E1D-04D5-41B7-84CD-1E420AAF7067}.Debug|x64.Build.0 = Debug|x64
		{3AA94E1D-04D5-41B7-84CD-1E420AAF7067}.Debug|x86.ActiveCfg = Debug|Win32
		{3AA94E1D-04D5-41B7-84CD-1E420AAF7067}.Debug|x86.Build.0 = Debug|Win32
		{3AA94E1D-04D5-41B7-84CD-1E420AAF7067}.Release|x64.ActiveCfg = Release|x64
		{3AA94E1D-04D5-41B7-84CD-1E420AAF7067}.Release|x64.Build.0 = Release|x64
		{3AA94E1D-04D5-41B7-84CD-1E420AAF7067}.Release|x86.ActiveCfg = Release|Win32
		{3AA94E1D-04D5-41B7-84CD-1E420AAF7067}.Release|x86.Build.0 = Release|Win32
		{F0250B55-21AE-49C9-B0EC-0DCCC9B54003}.Debug|x64.ActiveCfg = Debug|x64
		{F0250B55-21AE-49C9-B0EC-0DCCC9B54003}.Debug|x64.Build.0 = Debug|x64
		{F0250B55-21AE-49C9-B0EC-0DCCC9B54003}.Debug|x86.ActiveCfg = Debug|Win32
		{F0250B55-21AE-49C9-B0EC-0DCCC9B54003}.Debug|x86.Build.0 = Debug|Win32
		{F0250B55-21AE-49C9-B0EC-0DCCC9B54003}.Release|x64.ActiveCfg = Release|x64
		{F0250B55-21AE-49C9-B0EC-0DCCC9B54003}.Release|x64.Build.0 = Release|x64
		{F0250B55-21AE-49C9-B0EC-0DCCC9B54003}.Release|x86.ActiveCfg = Release|Win32
		{F0250B55-21AE-49C9-B0EC-0DCCC9B54003}.Release|x86.Build.0 = Release|Win32
	EndGlobalSection
	GlobalSection(SolutionProperties) = preSolution
		HideSolutionNode = FALSE
	EndGlobalSection
	GlobalSection(ExtensibilityGlobals) = postSolution
		SolutionGuid = {94A55766-675F-46C4-83F5-588C0290C986}
	EndGlobalSection
EndGlobal
